
Microsoft Visual Studio Solution File, Format Version 12.00
# Visual Studio 15
VisualStudioVersion = 15.0.28010.2026
MinimumVisualStudioVersion = 10.0.40219.1
Project("{FAE04EC0-301F-11D3-BF4B-00C04F79EFBC}") = "TouchPredictor", "TouchPredictor\TouchPredictor.csproj", "{69544EA1-E16F-40D9-99AE-8A7FE9AE4880}"
EndProject
Project("{FAE04EC0-301F-11D3-BF4B-00C04F79EFBC}") = "TouchPredictor_Test", "TouchPredictor_Test\TouchPredictor_Test.csproj", "{1D77EBC4-BDA1-4EA9-A8FB-7CE9C1ACC279}"
EndProject
Global
	GlobalSection(SolutionConfigurationPlatforms) = preSolution
		Debug|Any CPU = Debug|Any CPU
		Release|Any CPU = Release|Any CPU
	EndGlobalSection
	GlobalSection(ProjectConfigurationPlatforms) = postSolution
		{69544EA1-E16F-40D9-99AE-8A7FE9AE4880}.Debug|Any CPU.ActiveCfg = Debug|Any CPU
		{69544EA1-E16F-40D9-99AE-8A7FE9AE4880}.Debug|Any CPU.Build.0 = Debug|Any CPU
		{69544EA1-E16F-40D9-99AE-8A7FE9AE4880}.Release|Any CPU.ActiveCfg = Release|Any CPU
		{69544EA1-E16F-40D9-99AE-8A7FE9AE4880}.Release|Any CPU.Build.0 = Release|Any CPU
		{1D77EBC4-BDA1-4EA9-A8FB-7CE9C1ACC279}.Debug|Any CPU.ActiveCfg = Debug|Any CPU
		{1D77EBC4-BDA1-4EA9-A8FB-7CE9C1ACC279}.Debug|Any CPU.Build.0 = Debug|Any CPU
		{1D77EBC4-BDA1-4EA9-A8FB-7CE9C1ACC279}.Release|Any CPU.ActiveCfg = Release|Any CPU
		{1D77EBC4-BDA1-4EA9-A8FB-7CE9C1ACC279}.Release|Any CPU.Build.0 = Release|Any CPU
	EndGlobalSection
	GlobalSection(SolutionProperties) = preSolution
		HideSolutionNode = FALSE
	EndGlobalSection
	GlobalSection(ExtensibilityGlobals) = postSolution
		SolutionGuid = {4FF7AB52-50CB-4137-AE83-2BF4290B3A31}
	EndGlobalSection
EndGlobal
